// !$*UTF8*$!
{
	archiveVersion = 1;
	classes = {
	};
	objectVersion = 56;
	objects = {

/* Begin PBXBuildFile section */
		2301FEB92C2C379000F77949 /* CoreMLMobileVNetApp.swift in Sources */ = {isa = PBXBuildFile; fileRef = 2301FEB82C2C379000F77949 /* CoreMLMobileVNetApp.swift */; };
		2301FEBB2C2C379000F77949 /* ContentView.swift in Sources */ = {isa = PBXBuildFile; fileRef = 2301FEBA2C2C379000F77949 /* ContentView.swift */; };
		2301FEBD2C2C379100F77949 /* Assets.xcassets in Resources */ = {isa = PBXBuildFile; fileRef = 2301FEBC2C2C379100F77949 /* Assets.xcassets */; };
		2301FEC02C2C379100F77949 /* Preview Assets.xcassets in Resources */ = {isa = PBXBuildFile; fileRef = 2301FEBF2C2C379100F77949 /* Preview Assets.xcassets */; };
		2301FEC22C2C379100F77949 /* Persistence.swift in Sources */ = {isa = PBXBuildFile; fileRef = 2301FEC12C2C379100F77949 /* Persistence.swift */; };
		2301FEC52C2C379100F77949 /* CoreMLMobileVNet.xcdatamodeld in Sources */ = {isa = PBXBuildFile; fileRef = 2301FEC32C2C379100F77949 /* CoreMLMobileVNet.xcdatamodeld */; };
		2301FECD2C2C37CA00F77949 /* GoogleGenerativeAI in Frameworks */ = {isa = PBXBuildFile; productRef = 2301FECC2C2C37CA00F77949 /* GoogleGenerativeAI */; };
		2301FED12C2C3A6F00F77949 /* MobileNetV2FP16.mlpackage in Sources */ = {isa = PBXBuildFile; fileRef = 2301FED02C2C3A6F00F77949 /* MobileNetV2FP16.mlpackage */; };
/* End PBXBuildFile section */

/* Begin PBXFileReference section */
		2301FEB52C2C379000F77949 /* CoreMLMobileVNet.app */ = {isa = PBXFileReference; explicitFileType = wrapper.application; includeInIndex = 0; path = CoreMLMobileVNet.app; sourceTree = BUILT_PRODUCTS_DIR; };
		2301FEB82C2C379000F77949 /* CoreMLMobileVNetApp.swift */ = {isa = PBXFileReference; lastKnownFileType = sourcecode.swift; path = CoreMLMobileVNetApp.swift; sourceTree = "<group>"; };
		2301FEBA2C2C379000F77949 /* ContentView.swift */ = {isa = PBXFileReference; lastKnownFileType = sourcecode.swift; path = ContentView.swift; sourceTree = "<group>"; };
		2301FEBC2C2C379100F77949 /* Assets.xcassets */ = {isa = PBXFileReference; lastKnownFileType = folder.assetcatalog; path = Assets.xcassets; sourceTree = "<group>"; };
		2301FEBF2C2C379100F77949 /* Preview Assets.xcassets */ = {isa = PBXFileReference; lastKnownFileType = folder.assetcatalog; path = "Preview Assets.xcassets"; sourceTree = "<group>"; };
		2301FEC12C2C379100F77949 /* Persistence.swift */ = {isa = PBXFileReference; lastKnownFileType = sourcecode.swift; path = Persistence.swift; sourceTree = "<group>"; };
		2301FEC42C2C379100F77949 /* CoreMLMobileVNet.xcdatamodel */ = {isa = PBXFileReference; lastKnownFileType = wrapper.xcdatamodel; path = CoreMLMobileVNet.xcdatamodel; sourceTree = "<group>"; };
		2301FED02C2C3A6F00F77949 /* MobileNetV2FP16.mlpackage */ = {isa = PBXFileReference; lastKnownFileType = folder.mlpackage; path = MobileNetV2FP16.mlpackage; sourceTree = SOURCE_ROOT; };
/* End PBXFileReference section */

/* Begin PBXFrameworksBuildPhase section */
		2301FEB22C2C379000F77949 /* Frameworks */ = {
			isa = PBXFrameworksBuildPhase;
			buildActionMask = 2147483647;
			files = (
				2301FECD2C2C37CA00F77949 /* GoogleGenerativeAI in Frameworks */,
			);
			runOnlyForDeploymentPostprocessing = 0;
		};
/* End PBXFrameworksBuildPhase section */

/* Begin PBXGroup section */
		2301FEAC2C2C379000F77949 = {
			isa = PBXGroup;
			children = (
				2301FEB72C2C379000F77949 /* CoreMLMobileVNet */,
				2301FEB62C2C379000F77949 /* Products */,
			);
			sourceTree = "<group>";
		};
		2301FEB62C2C379000F77949 /* Products */ = {
			isa = PBXGroup;
			children = (
				2301FEB52C2C379000F77949 /* CoreMLMobileVNet.app */,
			);
			name = Products;
			sourceTree = "<group>";
		};
		2301FEB72C2C379000F77949 /* CoreMLMobileVNet */ = {
			isa = PBXGroup;
			children = (
				2301FEB82C2C379000F77949 /* CoreMLMobileVNetApp.swift */,
				2301FEBA2C2C379000F77949 /* ContentView.swift */,
				2301FEBC2C2C379100F77949 /* Assets.xcassets */,
				2301FED02C2C3A6F00F77949 /* MobileNetV2FP16.mlpackage */,
				2301FEC12C2C379100F77949 /* Persistence.swift */,
				2301FEC32C2C379100F77949 /* CoreMLMobileVNet.xcdatamodeld */,
				2301FEBE2C2C379100F77949 /* Preview Content */,
			);
			path = CoreMLMobileVNet;
			sourceTree = "<group>";
		};
		2301FEBE2C2C379100F77949 /* Preview Content */ = {
			isa = PBXGroup;
			children = (
				2301FEBF2C2C379100F77949 /* Preview Assets.xcassets */,
			);
			path = "Preview Content";
			sourceTree = "<group>";
		};
/* End PBXGroup section */

/* Begin PBXNativeTarget section */
		2301FEB42C2C379000F77949 /* CoreMLMobileVNet */ = {
			isa = PBXNativeTarget;
			buildConfigurationList = 2301FEC82C2C379100F77949 /* Build configuration list for PBXNativeTarget "CoreMLMobileVNet" */;
			buildPhases = (
				2301FEB12C2C379000F77949 /* Sources */,
				2301FEB22C2C379000F77949 /* Frameworks */,
				2301FEB32C2C379000F77949 /* Resources */,
			);
			buildRules = (
			);
			dependencies = (
			);
			name = CoreMLMobileVNet;
			packageProductDependencies = (
				2301FECC2C2C37CA00F77949 /* GoogleGenerativeAI */,
			);
			productName = CoreMLMobileVNet;
			productReference = 2301FEB52C2C379000F77949 /* CoreMLMobileVNet.app */;
			productType = "com.apple.product-type.application";
		};
/* End PBXNativeTarget section */

/* Begin PBXProject section */
		2301FEAD2C2C379000F77949 /* Project object */ = {
			isa = PBXProject;
			attributes = {
				BuildIndependentTargetsInParallel = 1;
				LastSwiftUpdateCheck = 1540;
				LastUpgradeCheck = 1540;
				TargetAttributes = {
					2301FEB42C2C379000F77949 = {
						CreatedOnToolsVersion = 15.4;
					};
				};
			};
			buildConfigurationList = 2301FEB02C2C379000F77949 /* Build configuration list for PBXProject "CoreMLMobileVNet" */;
			compatibilityVersion = "Xcode 14.0";
			developmentRegion = en;
			hasScannedForEncodings = 0;
			knownRegions = (
				en,
				Base,
			);
			mainGroup = 2301FEAC2C2C379000F77949;
			packageReferences = (
				2301FECB2C2C37CA00F77949 /* XCRemoteSwiftPackageReference "generative-ai-swift" */,
			);
			productRefGroup = 2301FEB62C2C379000F77949 /* Products */;
			projectDirPath = "";
			projectRoot = "";
			targets = (
				2301FEB42C2C379000F77949 /* CoreMLMobileVNet */,
			);
		};
/* End PBXProject section */

/* Begin PBXResourcesBuildPhase section */
		2301FEB32C2C379000F77949 /* Resources */ = {
			isa = PBXResourcesBuildPhase;
			buildActionMask = 2147483647;
			files = (
				2301FEC02C2C379100F77949 /* Preview Assets.xcassets in Resources */,
				2301FEBD2C2C379100F77949 /* Assets.xcassets in Resources */,
			);
			runOnlyForDeploymentPostprocessing = 0;
		};
/* End PBXResourcesBuildPhase section */

/* Begin PBXSourcesBuildPhase section */
		2301FEB12C2C379000F77949 /* Sources */ = {
			isa = PBXSourcesBuildPhase;
			buildActionMask = 2147483647;
			files = (
				2301FED12C2C3A6F00F77949 /* MobileNetV2FP16.mlpackage in Sources */,
				2301FEC52C2C379100F77949 /* CoreMLMobileVNet.xcdatamodeld in Sources */,
				2301FEC22C2C379100F77949 /* Persistence.swift in Sources */,
				2301FEBB2C2C379000F77949 /* ContentView.swift in Sources */,
				2301FEB92C2C379000F77949 /* CoreMLMobileVNetApp.swift in Sources */,
			);
			runOnlyForDeploymentPostprocessing = 0;
		};
/* End PBXSourcesBuildPhase section */

/* Begin XCBuildConfiguration section */
		2301FEC62C2C379100F77949 /* Debug */ = {
			isa = XCBuildConfiguration;
			buildSettings = {
				ALWAYS_SEARCH_USER_PATHS = NO;
				ASSETCATALOG_COMPILER_GENERATE_SWIFT_ASSET_SYMBOL_EXTENSIONS = YES;
				CLANG_ANALYZER_NONNULL = YES;
				CLANG_ANALYZER_NUMBER_OBJECT_CONVERSION = YES_AGGRESSIVE;
				CLANG_CXX_LANGUAGE_STANDARD = "gnu++20";
				CLANG_ENABLE_MODULES = YES;
				CLANG_ENABLE_OBJC_ARC = YES;
				CLANG_ENABLE_OBJC_WEAK = YES;
				CLANG_WARN_BLOCK_CAPTURE_AUTORELEASING = YES;
				CLANG_WARN_BOOL_CONVERSION = YES;
				CLANG_WARN_COMMA = YES;
				CLANG_WARN_CONSTANT_CONVERSION = YES;
				CLANG_WARN_DEPRECATED_OBJC_IMPLEMENTATIONS = YES;
				CLANG_WARN_DIRECT_OBJC_ISA_USAGE = YES_ERROR;
				CLANG_WARN_DOCUMENTATION_COMMENTS = YES;
				CLANG_WARN_EMPTY_BODY = YES;
				CLANG_WARN_ENUM_CONVERSION = YES;
				CLANG_WARN_INFINITE_RECURSION = YES;
				CLANG_WARN_INT_CONVERSION = YES;
				CLANG_WARN_NON_LITERAL_NULL_CONVERSION = YES;
				CLANG_WARN_OBJC_IMPLICIT_RETAIN_SELF = YES;
				CLANG_WARN_OBJC_LITERAL_CONVERSION = YES;
				CLANG_WARN_OBJC_ROOT_CLASS = YES_ERROR;
				CLANG_WARN_QUOTED_INCLUDE_IN_FRAMEWORK_HEADER = YES;
				CLANG_WARN_RANGE_LOOP_ANALYSIS = YES;
				CLANG_WARN_STRICT_PROTOTYPES = YES;
				CLANG_WARN_SUSPICIOUS_MOVE = YES;
				CLANG_WARN_UNGUARDED_AVAILABILITY = YES_AGGRESSIVE;
				CLANG_WARN_UNREACHABLE_CODE = YES;
				CLANG_WARN__DUPLICATE_METHOD_MATCH = YES;
				COPY_PHASE_STRIP = NO;
				DEBUG_INFORMATION_FORMAT = dwarf;
				ENABLE_STRICT_OBJC_MSGSEND = YES;
				ENABLE_TESTABILITY = YES;
				ENABLE_USER_SCRIPT_SANDBOXING = YES;
				GCC_C_LANGUAGE_STANDARD = gnu17;
				GCC_DYNAMIC_NO_PIC = NO;
				GCC_NO_COMMON_BLOCKS = YES;
				GCC_OPTIMIZATION_LEVEL = 0;
				GCC_PREPROCESSOR_DEFINITIONS = (
					"DEBUG=1",
					"$(inherited)",
				);
				GCC_WARN_64_TO_32_BIT_CONVERSION = YES;
				GCC_WARN_ABOUT_RETURN_TYPE = YES_ERROR;
				GCC_WARN_UNDECLARED_SELECTOR = YES;
				GCC_WARN_UNINITIALIZED_AUTOS = YES_AGGRESSIVE;
				GCC_WARN_UNUSED_FUNCTION = YES;
				GCC_WARN_UNUSED_VARIABLE = YES;
				IPHONEOS_DEPLOYMENT_TARGET = 17.5;
				LOCALIZATION_PREFERS_STRING_CATALOGS = YES;
				MTL_ENABLE_DEBUG_INFO = INCLUDE_SOURCE;
				MTL_FAST_MATH = YES;
				ONLY_ACTIVE_ARCH = YES;
				SDKROOT = iphoneos;
				SWIFT_ACTIVE_COMPILATION_CONDITIONS = "DEBUG $(inherited)";
				SWIFT_OPTIMIZATION_LEVEL = "-Onone";
			};
			name = Debug;
		};
		2301FEC72C2C379100F77949 /* Release */ = {
			isa = XCBuildConfiguration;
			buildSettings = {
				ALWAYS_SEARCH_USER_PATHS = NO;
				ASSETCATALOG_COMPILER_GENERATE_SWIFT_ASSET_SYMBOL_EXTENSIONS = YES;
				CLANG_ANALYZER_NONNULL = YES;
				CLANG_ANALYZER_NUMBER_OBJECT_CONVERSION = YES_AGGRESSIVE;
				CLANG_CXX_LANGUAGE_STANDARD = "gnu++20";
				CLANG_ENABLE_MODULES = YES;
				CLANG_ENABLE_OBJC_ARC = YES;
				CLANG_ENABLE_OBJC_WEAK = YES;
				CLANG_WARN_BLOCK_CAPTURE_AUTORELEASING = YES;
				CLANG_WARN_BOOL_CONVERSION = YES;
				CLANG_WARN_COMMA = YES;
				CLANG_WARN_CONSTANT_CONVERSION = YES;
				CLANG_WARN_DEPRECATED_OBJC_IMPLEMENTATIONS = YES;
				CLANG_WARN_DIRECT_OBJC_ISA_USAGE = YES_ERROR;
				CLANG_WARN_DOCUMENTATION_COMMENTS = YES;
				CLANG_WARN_EMPTY_BODY = YES;
				CLANG_WARN_ENUM_CONVERSION = YES;
				CLANG_WARN_INFINITE_RECURSION = YES;
				CLANG_WARN_INT_CONVERSION = YES;
				CLANG_WARN_NON_LITERAL_NULL_CONVERSION = YES;
				CLANG_WARN_OBJC_IMPLICIT_RETAIN_SELF = YES;
				CLANG_WARN_OBJC_LITERAL_CONVERSION = YES;
				CLANG_WARN_OBJC_ROOT_CLASS = YES_ERROR;
				CLANG_WARN_QUOTED_INCLUDE_IN_FRAMEWORK_HEADER = YES;
				CLANG_WARN_RANGE_LOOP_ANALYSIS = YES;
				CLANG_WARN_STRICT_PROTOTYPES = YES;
				CLANG_WARN_SUSPICIOUS_MOVE = YES;
				CLANG_WARN_UNGUARDED_AVAILABILITY = YES_AGGRESSIVE;
				CLANG_WARN_UNREACHABLE_CODE = YES;
				CLANG_WARN__DUPLICATE_METHOD_MATCH = YES;
				COPY_PHASE_STRIP = NO;
				DEBUG_INFORMATION_FORMAT = "dwarf-with-dsym";
				ENABLE_NS_ASSERTIONS = NO;
				ENABLE_STRICT_OBJC_MSGSEND = YES;
				ENABLE_USER_SCRIPT_SANDBOXING = YES;
				GCC_C_LANGUAGE_STANDARD = gnu17;
				GCC_NO_COMMON_BLOCKS = YES;
				GCC_WARN_64_TO_32_BIT_CONVERSION = YES;
				GCC_WARN_ABOUT_RETURN_TYPE = YES_ERROR;
				GCC_WARN_UNDECLARED_SELECTOR = YES;
				GCC_WARN_UNINITIALIZED_AUTOS = YES_AGGRESSIVE;
				GCC_WARN_UNUSED_FUNCTION = YES;
				GCC_WARN_UNUSED_VARIABLE = YES;
				IPHONEOS_DEPLOYMENT_TARGET = 17.5;
				LOCALIZATION_PREFERS_STRING_CATALOGS = YES;
				MTL_ENABLE_DEBUG_INFO = NO;
				MTL_FAST_MATH = YES;
				SDKROOT = iphoneos;
				SWIFT_COMPILATION_MODE = wholemodule;
				VALIDATE_PRODUCT = YES;
			};
			name = Release;
		};
		2301FEC92C2C379100F77949 /* Debug */ = {
			isa = XCBuildConfiguration;
			buildSettings = {
				ASSETCATALOG_COMPILER_APPICON_NAME = AppIcon;
				ASSETCATALOG_COMPILER_GLOBAL_ACCENT_COLOR_NAME = AccentColor;
				CODE_SIGN_STYLE = Automatic;
				CURRENT_PROJECT_VERSION = 1;
				DEVELOPMENT_ASSET_PATHS = "\"CoreMLMobileVNet/Preview Content\"";
				ENABLE_PREVIEWS = YES;
				GENERATE_INFOPLIST_FILE = YES;
				INFOPLIST_KEY_UIApplicationSceneManifest_Generation = YES;
				INFOPLIST_KEY_UIApplicationSupportsIndirectInputEvents = YES;
				INFOPLIST_KEY_UILaunchScreen_Generation = YES;
				INFOPLIST_KEY_UISupportedInterfaceOrientations_iPad = "UIInterfaceOrientationPortrait UIInterfaceOrientationPortraitUpsideDown UIInterfaceOrientationLandscapeLeft UIInterfaceOrientationLandscapeRight";
				INFOPLIST_KEY_UISupportedInterfaceOrientations_iPhone = "UIInterfaceOrientationPortrait UIInterfaceOrientationLandscapeLeft UIInterfaceOrientationLandscapeRight";
				LD_RUNPATH_SEARCH_PATHS = (
					"$(inherited)",
					"@executable_path/Frameworks",
				);
				MARKETING_VERSION = 1.0;
				PRODUCT_BUNDLE_IDENTIFIER = com.nabiel.CoreMLMobileVNet;
				PRODUCT_NAME = "$(TARGET_NAME)";
				SWIFT_EMIT_LOC_STRINGS = YES;
				SWIFT_VERSION = 5.0;
				TARGETED_DEVICE_FAMILY = "1,2";
			};
			name = Debug;
		};
		2301FECA2C2C379100F77949 /* Release */ = {
			isa = XCBuildConfiguration;
			buildSettings = {
				ASSETCATALOG_COMPILER_APPICON_NAME = AppIcon;
				ASSETCATALOG_COMPILER_GLOBAL_ACCENT_COLOR_NAME = AccentColor;
				CODE_SIGN_STYLE = Automatic;
				CURRENT_PROJECT_VERSION = 1;
				DEVELOPMENT_ASSET_PATHS = "\"CoreMLMobileVNet/Preview Content\"";
				ENABLE_PREVIEWS = YES;
				GENERATE_INFOPLIST_FILE = YES;
				INFOPLIST_KEY_UIApplicationSceneManifest_Generation = YES;
				INFOPLIST_KEY_UIApplicationSupportsIndirectInputEvents = YES;
				INFOPLIST_KEY_UILaunchScreen_Generation = YES;
				INFOPLIST_KEY_UISupportedInterfaceOrientations_iPad = "UIInterfaceOrientationPortrait UIInterfaceOrientationPortraitUpsideDown UIInterfaceOrientationLandscapeLeft UIInterfaceOrientationLandscapeRight";
				INFOPLIST_KEY_UISupportedInterfaceOrientations_iPhone = "UIInterfaceOrientationPortrait UIInterfaceOrientationLandscapeLeft UIInterfaceOrientationLandscapeRight";
				LD_RUNPATH_SEARCH_PATHS = (
					"$(inherited)",
					"@executable_path/Frameworks",
				);
				MARKETING_VERSION = 1.0;
				PRODUCT_BUNDLE_IDENTIFIER = com.nabiel.CoreMLMobileVNet;
				PRODUCT_NAME = "$(TARGET_NAME)";
				SWIFT_EMIT_LOC_STRINGS = YES;
				SWIFT_VERSION = 5.0;
				TARGETED_DEVICE_FAMILY = "1,2";
			};
			name = Release;
		};
/* End XCBuildConfiguration section */

/* Begin XCConfigurationList section */
		2301FEB02C2C379000F77949 /* Build configuration list for PBXProject "CoreMLMobileVNet" */ = {
			isa = XCConfigurationList;
			buildConfigurations = (
				2301FEC62C2C379100F77949 /* Debug */,
				2301FEC72C2C379100F77949 /* Release */,
			);
			defaultConfigurationIsVisible = 0;
			defaultConfigurationName = Release;
		};
		2301FEC82C2C379100F77949 /* Build configuration list for PBXNativeTarget "CoreMLMobileVNet" */ = {
			isa = XCConfigurationList;
			buildConfigurations = (
				2301FEC92C2C379100F77949 /* Debug */,
				2301FECA2C2C379100F77949 /* Release */,
			);
			defaultConfigurationIsVisible = 0;
			defaultConfigurationName = Release;
		};
/* End XCConfigurationList section */

/* Begin XCRemoteSwiftPackageReference section */
		2301FECB2C2C37CA00F77949 /* XCRemoteSwiftPackageReference "generative-ai-swift" */ = {
			isa = XCRemoteSwiftPackageReference;
			repositoryURL = "https://github.com/google/generative-ai-swift";
			requirement = {
				kind = upToNextMajorVersion;
				minimumVersion = 0.5.4;
			};
		};
/* End XCRemoteSwiftPackageReference section */

/* Begin XCSwiftPackageProductDependency section */
		2301FECC2C2C37CA00F77949 /* GoogleGenerativeAI */ = {
			isa = XCSwiftPackageProductDependency;
			package = 2301FECB2C2C37CA00F77949 /* XCRemoteSwiftPackageReference "generative-ai-swift" */;
			productName = GoogleGenerativeAI;
		};
/* End XCSwiftPackageProductDependency section */

/* Begin XCVersionGroup section */
		2301FEC32C2C379100F77949 /* CoreMLMobileVNet.xcdatamodeld */ = {
			isa = XCVersionGroup;
			children = (
				2301FEC42C2C379100F77949 /* CoreMLMobileVNet.xcdatamodel */,
			);
			currentVersion = 2301FEC42C2C379100F77949 /* CoreMLMobileVNet.xcdatamodel */;
			path = CoreMLMobileVNet.xcdatamodeld;
			sourceTree = "<group>";
			versionGroupType = wrapper.xcdatamodel;
		};
/* End XCVersionGroup section */
	};
	rootObject = 2301FEAD2C2C379000F77949 /* Project object */;
}
